
Microsoft Visual Studio Solution File, Format Version 12.00
# Visual Studio Version 17
VisualStudioVersion = 17.9.34728.123
MinimumVisualStudioVersion = 10.0.40219.1
Project("{FAE04EC0-301F-11D3-BF4B-00C04F79EFBC}") = "COM3D2.MotionTimelineEditor.Plugin", "COM3D2.MotionTimelineEditor.Plugin\COM3D2.MotionTimelineEditor.Plugin.csproj", "{DA886C18-B5AF-444B-8F3E-05DFD6242F0D}"
EndProject
Project("{FAE04EC0-301F-11D3-BF4B-00C04F79EFBC}") = "COM3D2.MotionTimelineEditor_MultipleMaids.Plugin", "COM3D2.MotionTimelineEditor_MultipleMaids.Plugin\COM3D2.MotionTimelineEditor_MultipleMaids.Plugin.csproj", "{5FE928AC-BB09-42AB-9521-AB2D2A77F6B0}"
EndProject
Project("{FAE04EC0-301F-11D3-BF4B-00C04F79EFBC}") = "COM3D2.MotionTimelineEditor_MeidoPhotoStudio.Plugin", "COM3D2.MotionTimelineEditor_MeidoPhotoStudio.Plugin\COM3D2.MotionTimelineEditor_MeidoPhotoStudio.Plugin.csproj", "{B81F4496-31A5-4AAF-918A-C8C8BCAC0E37}"
EndProject
Project("{FAE04EC0-301F-11D3-BF4B-00C04F79EFBC}") = "COM3D2.MotionTimelineEditor_DCM.Plugin", "COM3D2.MotionTimelineEditor_DCM.Plugin\COM3D2.MotionTimelineEditor_DCM.Plugin.csproj", "{D6C151C5-BFBA-4A1E-ACBB-16C8FC82C6A8}"
EndProject
Project("{FAE04EC0-301F-11D3-BF4B-00C04F79EFBC}") = "COM3D2.MotionTimelineEditor_SceneCapture.Plugin", "COM3D2.MotionTimelineEditor_SceneCapture.Plugin\COM3D2.MotionTimelineEditor_SceneCapture.Plugin.csproj", "{3766ABA0-DAAF-476C-BA45-3AFBF70AF7BA}"
EndProject
Project("{FAE04EC0-301F-11D3-BF4B-00C04F79EFBC}") = "COM3D2.MotionTimelineEditor_PartsEdit.Plugin", "COM3D2.MotionTimelineEditor_PartsEdit.Plugin\COM3D2.MotionTimelineEditor_PartsEdit.Plugin.csproj", "{22C15C7B-5EE4-4A1C-A004-A884A5398F42}"
EndProject
Project("{FAE04EC0-301F-11D3-BF4B-00C04F79EFBC}") = "COM3D2.MotionTimelineEditor_PngPlacement.Plugin", "COM3D2.MotionTimelineEditor_PngPlacement.Plugin\COM3D2.MotionTimelineEditor_PngPlacement.Plugin.csproj", "{730CF16F-AE60-44A4-9F3D-6D5C55486D2D}"
EndProject
Project("{FAE04EC0-301F-11D3-BF4B-00C04F79EFBC}") = "COM3D2.MotionTimelineEditor_NPRShader.Plugin", "COM3D2.MotionTimelineEditor_NPRShader.Plugin\COM3D2.MotionTimelineEditor_NPRShader.Plugin.csproj", "{8E074A6B-6C43-4034-BCB8-1C4C391D5906}"
EndProject
Global
	GlobalSection(SolutionConfigurationPlatforms) = preSolution
		Debug|Any CPU = Debug|Any CPU
		Release|Any CPU = Release|Any CPU
	EndGlobalSection
	GlobalSection(ProjectConfigurationPlatforms) = postSolution
		{DA886C18-B5AF-444B-8F3E-05DFD6242F0D}.Debug|Any CPU.ActiveCfg = Debug|Any CPU
		{DA886C18-B5AF-444B-8F3E-05DFD6242F0D}.Debug|Any CPU.Build.0 = Debug|Any CPU
		{DA886C18-B5AF-444B-8F3E-05DFD6242F0D}.Release|Any CPU.ActiveCfg = Release|Any CPU
		{DA886C18-B5AF-444B-8F3E-05DFD6242F0D}.Release|Any CPU.Build.0 = Release|Any CPU
		{5FE928AC-BB09-42AB-9521-AB2D2A77F6B0}.Debug|Any CPU.ActiveCfg = Debug|Any CPU
		{5FE928AC-BB09-42AB-9521-AB2D2A77F6B0}.Debug|Any CPU.Build.0 = Debug|Any CPU
		{5FE928AC-BB09-42AB-9521-AB2D2A77F6B0}.Release|Any CPU.ActiveCfg = Release|Any CPU
		{5FE928AC-BB09-42AB-9521-AB2D2A77F6B0}.Release|Any CPU.Build.0 = Release|Any CPU
		{B81F4496-31A5-4AAF-918A-C8C8BCAC0E37}.Debug|Any CPU.ActiveCfg = Debug|Any CPU
		{B81F4496-31A5-4AAF-918A-C8C8BCAC0E37}.Debug|Any CPU.Build.0 = Debug|Any CPU
		{B81F4496-31A5-4AAF-918A-C8C8BCAC0E37}.Release|Any CPU.ActiveCfg = Release|Any CPU
		{B81F4496-31A5-4AAF-918A-C8C8BCAC0E37}.Release|Any CPU.Build.0 = Release|Any CPU
		{D6C151C5-BFBA-4A1E-ACBB-16C8FC82C6A8}.Debug|Any CPU.ActiveCfg = Debug|Any CPU
		{D6C151C5-BFBA-4A1E-ACBB-16C8FC82C6A8}.Debug|Any CPU.Build.0 = Debug|Any CPU
		{D6C151C5-BFBA-4A1E-ACBB-16C8FC82C6A8}.Release|Any CPU.ActiveCfg = Release|Any CPU
		{D6C151C5-BFBA-4A1E-ACBB-16C8FC82C6A8}.Release|Any CPU.Build.0 = Release|Any CPU
		{3766ABA0-DAAF-476C-BA45-3AFBF70AF7BA}.Debug|Any CPU.ActiveCfg = Debug|Any CPU
		{3766ABA0-DAAF-476C-BA45-3AFBF70AF7BA}.Debug|Any CPU.Build.0 = Debug|Any CPU
		{3766ABA0-DAAF-476C-BA45-3AFBF70AF7BA}.Release|Any CPU.ActiveCfg = Release|Any CPU
		{3766ABA0-DAAF-476C-BA45-3AFBF70AF7BA}.Release|Any CPU.Build.0 = Release|Any CPU
		{22C15C7B-5EE4-4A1C-A004-A884A5398F42}.Debug|Any CPU.ActiveCfg = Debug|Any CPU
		{22C15C7B-5EE4-4A1C-A004-A884A5398F42}.Debug|Any CPU.Build.0 = Debug|Any CPU
		{22C15C7B-5EE4-4A1C-A004-A884A5398F42}.Release|Any CPU.ActiveCfg = Release|Any CPU
		{22C15C7B-5EE4-4A1C-A004-A884A5398F42}.Release|Any CPU.Build.0 = Release|Any CPU
		{730CF16F-AE60-44A4-9F3D-6D5C55486D2D}.Debug|Any CPU.ActiveCfg = Debug|Any CPU
		{730CF16F-AE60-44A4-9F3D-6D5C55486D2D}.Debug|Any CPU.Build.0 = Debug|Any CPU
		{730CF16F-AE60-44A4-9F3D-6D5C55486D2D}.Release|Any CPU.ActiveCfg = Release|Any CPU
		{730CF16F-AE60-44A4-9F3D-6D5C55486D2D}.Release|Any CPU.Build.0 = Release|Any CPU
		{8E074A6B-6C43-4034-BCB8-1C4C391D5906}.Debug|Any CPU.ActiveCfg = Debug|Any CPU
		{8E074A6B-6C43-4034-BCB8-1C4C391D5906}.Debug|Any CPU.Build.0 = Debug|Any CPU
		{8E074A6B-6C43-4034-BCB8-1C4C391D5906}.Release|Any CPU.ActiveCfg = Release|Any CPU
		{8E074A6B-6C43-4034-BCB8-1C4C391D5906}.Release|Any CPU.Build.0 = Release|Any CPU
	EndGlobalSection
	GlobalSection(SolutionProperties) = preSolution
		HideSolutionNode = FALSE
	EndGlobalSection
	GlobalSection(ExtensibilityGlobals) = postSolution
		SolutionGuid = {53B4826C-3DAA-4ACB-AAEC-F39E139A557D}
	EndGlobalSection
EndGlobal
