
Microsoft Visual Studio Solution File, Format Version 12.00
# Visual Studio Version 16
VisualStudioVersion = 16.0.34114.132
MinimumVisualStudioVersion = 10.0.40219.1
Project("{FAE04EC0-301F-11D3-BF4B-00C04F79EFBC}") = "MotionTimelineEditor", "MotionTimelineEditor.csproj", "{D097354E-4583-4A99-8E9E-7A595C8915EF}"
EndProject
Global
	GlobalSection(SolutionConfigurationPlatforms) = preSolution
		Debug|Any CPU = Debug|Any CPU
		Release|Any CPU = Release|Any CPU
	EndGlobalSection
	GlobalSection(ProjectConfigurationPlatforms) = postSolution
		{D097354E-4583-4A99-8E9E-7A595C8915EF}.Debug|Any CPU.ActiveCfg = Debug|Any CPU
		{D097354E-4583-4A99-8E9E-7A595C8915EF}.Debug|Any CPU.Build.0 = Debug|Any CPU
		{D097354E-4583-4A99-8E9E-7A595C8915EF}.Release|Any CPU.ActiveCfg = Release|Any CPU
		{D097354E-4583-4A99-8E9E-7A595C8915EF}.Release|Any CPU.Build.0 = Release|Any CPU
	EndGlobalSection
	GlobalSection(SolutionProperties) = preSolution
		HideSolutionNode = FALSE
	EndGlobalSection
	GlobalSection(ExtensibilityGlobals) = postSolution
		SolutionGuid = {D4FC72F9-87CF-4513-9A67-5892460CED30}
	EndGlobalSection
EndGlobal
